{
  "requires": true,
  "lockfileVersion": 1,
  "dependencies": {
    "@angular/animations": {
      "version": "6.0.1",
      "resolved": "https://registry.npmjs.org/@angular/animations/-/animations-6.0.1.tgz",
      "integrity": "sha512-L/8v0j50VPKX08gvdHpzYnkKzqvBJ/RDH74aqOGV637Nsa3hxe0yyq7FNg0t7pRsGk3k0b6RXeBlosKo7Sj7rA==",
      "requires": {
        "tslib": "1.9.0"
      }
    },
    "@angular/cdk": {
      "version": "6.0.1",
      "resolved": "https://registry.npmjs.org/@angular/cdk/-/cdk-6.0.1.tgz",
      "integrity": "sha512-f8WAY/PC4etTWhtPDuu5zRy+5+qUWSnW+6PidfYAHHdVGu+90H8qIKA27VOW/RWk+oZnl2SC2LVg4G7hggio+A==",
      "requires": {
        "tslib": "1.9.0"
      }
    },
    "@angular/material": {
      "version": "6.0.1",
      "resolved": "https://registry.npmjs.org/@angular/material/-/material-6.0.1.tgz",
      "integrity": "sha512-QbAFoE3wruv/XsAKJirGn0fSfmVIBMCrtGe55hZjOVhvRbrnXJ61VSr4zrO/LDPzT17yXhf3ZaB3Yp/4GmRk8w==",
      "requires": {
        "tslib": "1.9.0"
      }
    },
    "angular-material": {
      "version": "1.1.9",
      "resolved": "https://registry.npmjs.org/angular-material/-/angular-material-1.1.9.tgz",
      "integrity": "sha512-kxyigi+7823k/31qQ0j6wL5FkCe/mw2bAg1kfEFzIvhUoe5Myr+0YoQyN8D8EGaaOyolXU/VPtxgKSfOCSLEBw=="
    },
    "tslib": {
      "version": "1.9.0",
      "resolved": "https://registry.npmjs.org/tslib/-/tslib-1.9.0.tgz",
      "integrity": "sha512-f/qGG2tUkrISBlQZEjEqoZ3B2+npJjIf04H1wuAv9iA8i04Icp+61KRXxFdha22670NJopsZCIjhC3SnjPRKrQ=="
    }
  }
}
